
Microsoft Visual Studio Solution File, Format Version 12.00
# Visual Studio Version 17
VisualStudioVersion = 17.6.33723.286
MinimumVisualStudioVersion = 10.0.40219.1
Project("{FAE04EC0-301F-11D3-BF4B-00C04F79EFBC}") = "Curriculums", "Curriculums\Curriculums.csproj", "{0B9D36BC-5632-421B-90D8-0C77F9D1188C}"
EndProject
Global
	GlobalSection(SolutionConfigurationPlatforms) = preSolution
		Debug|Any CPU = Debug|Any CPU
		Release|Any CPU = Release|Any CPU
	EndGlobalSection
	GlobalSection(ProjectConfigurationPlatforms) = postSolution
		{0B9D36BC-5632-421B-90D8-0C77F9D1188C}.Debug|Any CPU.ActiveCfg = Debug|Any CPU
		{0B9D36BC-5632-421B-90D8-0C77F9D1188C}.Debug|Any CPU.Build.0 = Debug|Any CPU
		{0B9D36BC-5632-421B-90D8-0C77F9D1188C}.Release|Any CPU.ActiveCfg = Release|Any CPU
		{0B9D36BC-5632-421B-90D8-0C77F9D1188C}.Release|Any CPU.Build.0 = Release|Any CPU
	EndGlobalSection
	GlobalSection(SolutionProperties) = preSolution
		HideSolutionNode = FALSE
	EndGlobalSection
	GlobalSection(ExtensibilityGlobals) = postSolution
		SolutionGuid = {7654EF6B-50E8-49F2-BB31-6EFB76DC885A}
	EndGlobalSection
EndGlobal
